
Microsoft Visual Studio Solution File, Format Version 12.00
Project("{FAE04EC0-301F-11D3-BF4B-00C04F79EFBC}") = "ProblemJ", "ProblemJ\ProblemJ.csproj", "{2B3DFE00-07F7-46D8-B27E-ABE00FA7E033}"
EndProject
Project("{FAE04EC0-301F-11D3-BF4B-00C04F79EFBC}") = "ProblemJTest", "ProblemJTest\ProblemJTest.csproj", "{BB314E7D-4D35-4457-A979-1AD6A70BF398}"
EndProject
Global
	GlobalSection(SolutionConfigurationPlatforms) = preSolution
		Debug|Any CPU = Debug|Any CPU
		Release|Any CPU = Release|Any CPU
	EndGlobalSection
	GlobalSection(ProjectConfigurationPlatforms) = postSolution
		{2B3DFE00-07F7-46D8-B27E-ABE00FA7E033}.Debug|Any CPU.ActiveCfg = Debug|Any CPU
		{2B3DFE00-07F7-46D8-B27E-ABE00FA7E033}.Debug|Any CPU.Build.0 = Debug|Any CPU
		{2B3DFE00-07F7-46D8-B27E-ABE00FA7E033}.Release|Any CPU.ActiveCfg = Release|Any CPU
		{2B3DFE00-07F7-46D8-B27E-ABE00FA7E033}.Release|Any CPU.Build.0 = Release|Any CPU
		{BB314E7D-4D35-4457-A979-1AD6A70BF398}.Debug|Any CPU.ActiveCfg = Debug|Any CPU
		{BB314E7D-4D35-4457-A979-1AD6A70BF398}.Debug|Any CPU.Build.0 = Debug|Any CPU
		{BB314E7D-4D35-4457-A979-1AD6A70BF398}.Release|Any CPU.ActiveCfg = Release|Any CPU
		{BB314E7D-4D35-4457-A979-1AD6A70BF398}.Release|Any CPU.Build.0 = Release|Any CPU
	EndGlobalSection
EndGlobal
